
Microsoft Visual Studio Solution File, Format Version 10.00
# Visual Studio 2008
Project("{FAE04EC0-301F-11D3-BF4B-00C04F79EFBC}") = "Teaser.Service", "..\Teaser.Service\Teaser.Service.csproj", "{A6C1B1CA-088E-48F4-BDB0-2363F78561A0}"
EndProject
Project("{FAE04EC0-301F-11D3-BF4B-00C04F79EFBC}") = "Teaser.DataAccess", "..\Teaser.DataAccess\Teaser.DataAccess.csproj", "{56469555-3CE1-494E-9464-0353F5554730}"
EndProject
Project("{FAE04EC0-301F-11D3-BF4B-00C04F79EFBC}") = "Teaser.Web", "..\Teaser.Web\Teaser.Web.csproj", "{E65411EA-0499-441A-A832-1440A29E1F89}"
EndProject
Project("{FAE04EC0-301F-11D3-BF4B-00C04F79EFBC}") = "Teaser.Entities", "..\Teaser.Entities\Teaser.Entities.csproj", "{0E35B721-13D9-40C7-B851-9BAF1DB3C0DB}"
EndProject
Project("{FAE04EC0-301F-11D3-BF4B-00C04F79EFBC}") = "Teaser.Database", "..\Teaser.Database\Teaser.Database.csproj", "{0C5A785E-1E96-41AA-8C7A-D6B3EDE38837}"
EndProject
Project("{FAE04EC0-301F-11D3-BF4B-00C04F79EFBC}") = "Teaser.Service.Test", "..\Teaser.Service.Test\Teaser.Service.Test.csproj", "{6973D8F7-072F-4879-BC2C-65AC3A8A21B3}"
EndProject
Project("{2150E333-8FDC-42A3-9474-1A3956D46DE8}") = "Solution Items", "Solution Items", "{423696C2-2093-4A63-867B-06761F5B0FB1}"
	ProjectSection(SolutionItems) = preProject
		LocalTestRun.testrunconfig = LocalTestRun.testrunconfig
		Teaser.vsmdi = Teaser.vsmdi
	EndProjectSection
EndProject
Project("{2150E333-8FDC-42A3-9474-1A3956D46DE8}") = "Test", "Test", "{45999C2E-230F-414B-ABF7-E552076F7626}"
EndProject
Project("{2150E333-8FDC-42A3-9474-1A3956D46DE8}") = "Unit", "Unit", "{B3665131-B429-44EC-8FFF-1CA5A83ED9C2}"
EndProject
Project("{2150E333-8FDC-42A3-9474-1A3956D46DE8}") = "Integration", "Integration", "{63E644C3-0949-4073-9604-DE77AFEB8ECC}"
EndProject
Project("{FAE04EC0-301F-11D3-BF4B-00C04F79EFBC}") = "Teaser.Web.Test.Watin", "..\Teaser.Web.Test.Watin\Teaser.Web.Test.Watin.csproj", "{39A5C9B0-13D4-4AFA-8F3F-47E16270F55B}"
EndProject
Project("{2150E333-8FDC-42A3-9474-1A3956D46DE8}") = "Helper", "Helper", "{FDBF87DE-76DE-4573-9AF5-54971B02EDA1}"
EndProject
Project("{FAE04EC0-301F-11D3-BF4B-00C04F79EFBC}") = "Rpx4Mvc", "..\Teaser.Rpx4Mvc\Rpx4Mvc.csproj", "{8E7EAFF4-4F31-461E-9911-6D441E3712BC}"
EndProject
Global
	GlobalSection(TestCaseManagementSettings) = postSolution
		CategoryFile = Teaser.vsmdi
	EndGlobalSection
	GlobalSection(SolutionConfigurationPlatforms) = preSolution
		Debug|Any CPU = Debug|Any CPU
		Release|Any CPU = Release|Any CPU
	EndGlobalSection
	GlobalSection(ProjectConfigurationPlatforms) = postSolution
		{A6C1B1CA-088E-48F4-BDB0-2363F78561A0}.Debug|Any CPU.ActiveCfg = Debug|Any CPU
		{A6C1B1CA-088E-48F4-BDB0-2363F78561A0}.Debug|Any CPU.Build.0 = Debug|Any CPU
		{A6C1B1CA-088E-48F4-BDB0-2363F78561A0}.Release|Any CPU.ActiveCfg = Release|Any CPU
		{A6C1B1CA-088E-48F4-BDB0-2363F78561A0}.Release|Any CPU.Build.0 = Release|Any CPU
		{56469555-3CE1-494E-9464-0353F5554730}.Debug|Any CPU.ActiveCfg = Debug|Any CPU
		{56469555-3CE1-494E-9464-0353F5554730}.Debug|Any CPU.Build.0 = Debug|Any CPU
		{56469555-3CE1-494E-9464-0353F5554730}.Release|Any CPU.ActiveCfg = Release|Any CPU
		{56469555-3CE1-494E-9464-0353F5554730}.Release|Any CPU.Build.0 = Release|Any CPU
		{E65411EA-0499-441A-A832-1440A29E1F89}.Debug|Any CPU.ActiveCfg = Debug|Any CPU
		{E65411EA-0499-441A-A832-1440A29E1F89}.Debug|Any CPU.Build.0 = Debug|Any CPU
		{E65411EA-0499-441A-A832-1440A29E1F89}.Release|Any CPU.ActiveCfg = Release|Any CPU
		{E65411EA-0499-441A-A832-1440A29E1F89}.Release|Any CPU.Build.0 = Release|Any CPU
		{0E35B721-13D9-40C7-B851-9BAF1DB3C0DB}.Debug|Any CPU.ActiveCfg = Debug|Any CPU
		{0E35B721-13D9-40C7-B851-9BAF1DB3C0DB}.Debug|Any CPU.Build.0 = Debug|Any CPU
		{0E35B721-13D9-40C7-B851-9BAF1DB3C0DB}.Release|Any CPU.ActiveCfg = Release|Any CPU
		{0E35B721-13D9-40C7-B851-9BAF1DB3C0DB}.Release|Any CPU.Build.0 = Release|Any CPU
		{0C5A785E-1E96-41AA-8C7A-D6B3EDE38837}.Debug|Any CPU.ActiveCfg = Debug|Any CPU
		{0C5A785E-1E96-41AA-8C7A-D6B3EDE38837}.Debug|Any CPU.Build.0 = Debug|Any CPU
		{0C5A785E-1E96-41AA-8C7A-D6B3EDE38837}.Release|Any CPU.ActiveCfg = Release|Any CPU
		{0C5A785E-1E96-41AA-8C7A-D6B3EDE38837}.Release|Any CPU.Build.0 = Release|Any CPU
		{6973D8F7-072F-4879-BC2C-65AC3A8A21B3}.Debug|Any CPU.ActiveCfg = Debug|Any CPU
		{6973D8F7-072F-4879-BC2C-65AC3A8A21B3}.Debug|Any CPU.Build.0 = Debug|Any CPU
		{6973D8F7-072F-4879-BC2C-65AC3A8A21B3}.Release|Any CPU.ActiveCfg = Release|Any CPU
		{6973D8F7-072F-4879-BC2C-65AC3A8A21B3}.Release|Any CPU.Build.0 = Release|Any CPU
		{39A5C9B0-13D4-4AFA-8F3F-47E16270F55B}.Debug|Any CPU.ActiveCfg = Debug|Any CPU
		{39A5C9B0-13D4-4AFA-8F3F-47E16270F55B}.Debug|Any CPU.Build.0 = Debug|Any CPU
		{39A5C9B0-13D4-4AFA-8F3F-47E16270F55B}.Release|Any CPU.ActiveCfg = Release|Any CPU
		{39A5C9B0-13D4-4AFA-8F3F-47E16270F55B}.Release|Any CPU.Build.0 = Release|Any CPU
		{8E7EAFF4-4F31-461E-9911-6D441E3712BC}.Debug|Any CPU.ActiveCfg = Debug|Any CPU
		{8E7EAFF4-4F31-461E-9911-6D441E3712BC}.Debug|Any CPU.Build.0 = Debug|Any CPU
		{8E7EAFF4-4F31-461E-9911-6D441E3712BC}.Release|Any CPU.ActiveCfg = Release|Any CPU
		{8E7EAFF4-4F31-461E-9911-6D441E3712BC}.Release|Any CPU.Build.0 = Release|Any CPU
	EndGlobalSection
	GlobalSection(SolutionProperties) = preSolution
		HideSolutionNode = FALSE
	EndGlobalSection
	GlobalSection(NestedProjects) = preSolution
		{B3665131-B429-44EC-8FFF-1CA5A83ED9C2} = {45999C2E-230F-414B-ABF7-E552076F7626}
		{63E644C3-0949-4073-9604-DE77AFEB8ECC} = {45999C2E-230F-414B-ABF7-E552076F7626}
		{6973D8F7-072F-4879-BC2C-65AC3A8A21B3} = {B3665131-B429-44EC-8FFF-1CA5A83ED9C2}
		{39A5C9B0-13D4-4AFA-8F3F-47E16270F55B} = {63E644C3-0949-4073-9604-DE77AFEB8ECC}
		{8E7EAFF4-4F31-461E-9911-6D441E3712BC} = {FDBF87DE-76DE-4573-9AF5-54971B02EDA1}
	EndGlobalSection
EndGlobal
